Microsoft Visual Studio Solution File, Format Version 11.00
# Visual Studio 2008

Project("{259A6EB9-F190-9EB5-9966-774C66285E0D}") = "Realistic Effects Pack 3 v1.1.0.0", "Assembly-CSharp-firstpass.csproj", "{11A41230-DA15-8AD5-E3D8-89C75E4249AA}"
EndProject
Project("{259A6EB9-F190-9EB5-9966-774C66285E0D}") = "Realistic Effects Pack 3 v1.1.0.0", "Assembly-CSharp.csproj", "{3A452F91-2E78-68FD-11DB-10235DA478FE}"
EndProject
Project("{259A6EB9-F190-9EB5-9966-774C66285E0D}") = "Realistic Effects Pack 3 v1.1.0.0", "Assembly-CSharp-Editor.csproj", "{2C9DE773-07D6-6897-EEC5-60ACA8607C19}"
EndProject
Project("{259A6EB9-F190-9EB5-9966-774C66285E0D}") = "Realistic Effects Pack 3 v1.1.0.0", "Assembly-UnityScript-firstpass.unityproj", "{157BDEA4-B050-DC12-E126-9FA80FAE562B}"
EndProject
Project("{259A6EB9-F190-9EB5-9966-774C66285E0D}") = "Realistic Effects Pack 3 v1.1.0.0", "Assembly-UnityScript.unityproj", "{158063B4-1199-206F-55A7-5B040D6043BA}"
EndProject
Project("{259A6EB9-F190-9EB5-9966-774C66285E0D}") = "Realistic Effects Pack 3 v1.1.0.0", "Assembly-UnityScript-Editor.unityproj", "{895449DD-6513-4D72-229A-BAB7C051705A}"
EndProject
Global
	GlobalSection(SolutionConfigurationPlatforms) = preSolution
		Debug|Any CPU = Debug|Any CPU
		Release|Any CPU = Release|Any CPU
	EndGlobalSection
	GlobalSection(ProjectConfigurationPlatforms) = postSolution
		{11A41230-DA15-8AD5-E3D8-89C75E4249AA}.Debug|Any CPU.ActiveCfg = Debug|Any CPU
		{11A41230-DA15-8AD5-E3D8-89C75E4249AA}.Debug|Any CPU.Build.0 = Debug|Any CPU
		{11A41230-DA15-8AD5-E3D8-89C75E4249AA}.Release|Any CPU.ActiveCfg = Release|Any CPU
		{11A41230-DA15-8AD5-E3D8-89C75E4249AA}.Release|Any CPU.Build.0 = Release|Any CPU
		{3A452F91-2E78-68FD-11DB-10235DA478FE}.Debug|Any CPU.ActiveCfg = Debug|Any CPU
		{3A452F91-2E78-68FD-11DB-10235DA478FE}.Debug|Any CPU.Build.0 = Debug|Any CPU
		{3A452F91-2E78-68FD-11DB-10235DA478FE}.Release|Any CPU.ActiveCfg = Release|Any CPU
		{3A452F91-2E78-68FD-11DB-10235DA478FE}.Release|Any CPU.Build.0 = Release|Any CPU
		{2C9DE773-07D6-6897-EEC5-60ACA8607C19}.Debug|Any CPU.ActiveCfg = Debug|Any CPU
		{2C9DE773-07D6-6897-EEC5-60ACA8607C19}.Debug|Any CPU.Build.0 = Debug|Any CPU
		{2C9DE773-07D6-6897-EEC5-60ACA8607C19}.Release|Any CPU.ActiveCfg = Release|Any CPU
		{2C9DE773-07D6-6897-EEC5-60ACA8607C19}.Release|Any CPU.Build.0 = Release|Any CPU
		{157BDEA4-B050-DC12-E126-9FA80FAE562B}.Debug|Any CPU.ActiveCfg = Debug|Any CPU
		{157BDEA4-B050-DC12-E126-9FA80FAE562B}.Debug|Any CPU.Build.0 = Debug|Any CPU
		{157BDEA4-B050-DC12-E126-9FA80FAE562B}.Release|Any CPU.ActiveCfg = Release|Any CPU
		{157BDEA4-B050-DC12-E126-9FA80FAE562B}.Release|Any CPU.Build.0 = Release|Any CPU
		{158063B4-1199-206F-55A7-5B040D6043BA}.Debug|Any CPU.ActiveCfg = Debug|Any CPU
		{158063B4-1199-206F-55A7-5B040D6043BA}.Debug|Any CPU.Build.0 = Debug|Any CPU
		{158063B4-1199-206F-55A7-5B040D6043BA}.Release|Any CPU.ActiveCfg = Release|Any CPU
		{158063B4-1199-206F-55A7-5B040D6043BA}.Release|Any CPU.Build.0 = Release|Any CPU
		{895449DD-6513-4D72-229A-BAB7C051705A}.Debug|Any CPU.ActiveCfg = Debug|Any CPU
		{895449DD-6513-4D72-229A-BAB7C051705A}.Debug|Any CPU.Build.0 = Debug|Any CPU
		{895449DD-6513-4D72-229A-BAB7C051705A}.Release|Any CPU.ActiveCfg = Release|Any CPU
		{895449DD-6513-4D72-229A-BAB7C051705A}.Release|Any CPU.Build.0 = Release|Any CPU
	EndGlobalSection
	GlobalSection(SolutionProperties) = preSolution
		HideSolutionNode = FALSE
	EndGlobalSection
	GlobalSection(MonoDevelopProperties) = preSolution
		StartupItem = Assembly-CSharp.csproj
	EndGlobalSection
EndGlobal
