Microsoft Visual Studio Solution File, Format Version 11.00
# Visual Studio 2008

Project("{FFEAFB73-FBC0-1802-A9D0-B238A98EB874}") = "Robot Lab", "Assembly-CSharp.csproj", "{742710CB-55CD-2303-A904-D08C2F887BDD}"
EndProject
Project("{FFEAFB73-FBC0-1802-A9D0-B238A98EB874}") = "Robot Lab", "Assembly-UnityScript.unityproj", "{A62D0E21-194E-26D1-E8F2-764619170E4E}"
EndProject
Global
	GlobalSection(SolutionConfigurationPlatforms) = preSolution
		Debug|Any CPU = Debug|Any CPU
		Release|Any CPU = Release|Any CPU
	EndGlobalSection
	GlobalSection(ProjectConfigurationPlatforms) = postSolution
		{742710CB-55CD-2303-A904-D08C2F887BDD}.Debug|Any CPU.ActiveCfg = Debug|Any CPU
		{742710CB-55CD-2303-A904-D08C2F887BDD}.Debug|Any CPU.Build.0 = Debug|Any CPU
		{742710CB-55CD-2303-A904-D08C2F887BDD}.Release|Any CPU.ActiveCfg = Release|Any CPU
		{742710CB-55CD-2303-A904-D08C2F887BDD}.Release|Any CPU.Build.0 = Release|Any CPU
		{A62D0E21-194E-26D1-E8F2-764619170E4E}.Debug|Any CPU.ActiveCfg = Debug|Any CPU
		{A62D0E21-194E-26D1-E8F2-764619170E4E}.Debug|Any CPU.Build.0 = Debug|Any CPU
		{A62D0E21-194E-26D1-E8F2-764619170E4E}.Release|Any CPU.ActiveCfg = Release|Any CPU
		{A62D0E21-194E-26D1-E8F2-764619170E4E}.Release|Any CPU.Build.0 = Release|Any CPU
	EndGlobalSection
	GlobalSection(SolutionProperties) = preSolution
		HideSolutionNode = FALSE
	EndGlobalSection
		GlobalSection(MonoDevelopProperties) = preSolution
		StartupItem = Assembly-CSharp.csproj
		Policies = $0
		$0.TextStylePolicy = $1
		$1.inheritsSet = null
		$1.scope = text/x-csharp
		$0.CSharpFormattingPolicy = $2
		$2.inheritsSet = Mono
		$2.inheritsScope = text/x-csharp
		$2.scope = text/x-csharp
		$0.TextStylePolicy = $3
		$3.FileWidth = 120
		$3.TabWidth = 4
		$3.IndentWidth = 4
		$3.EolMarker = Unix
		$3.inheritsSet = Mono
		$3.inheritsScope = text/plain
		$3.scope = text/plain
	EndGlobalSection

EndGlobal
