Microsoft Visual Studio Solution File, Format Version 11.00
# Visual Studio 2008

Project("{7AAB8496-8FC9-C82C-BE57-BB5146DDF8EA}") = "DOTween", "Assembly-CSharp.csproj", "{DE8933A4-1BE0-A7EA-512E-480982A46CFE}"
EndProject
Global
	GlobalSection(SolutionConfigurationPlatforms) = preSolution
		Debug|Any CPU = Debug|Any CPU
		Release|Any CPU = Release|Any CPU
	EndGlobalSection
	GlobalSection(ProjectConfigurationPlatforms) = postSolution
		{DE8933A4-1BE0-A7EA-512E-480982A46CFE}.Debug|Any CPU.ActiveCfg = Debug|Any CPU
		{DE8933A4-1BE0-A7EA-512E-480982A46CFE}.Debug|Any CPU.Build.0 = Debug|Any CPU
		{DE8933A4-1BE0-A7EA-512E-480982A46CFE}.Release|Any CPU.ActiveCfg = Release|Any CPU
		{DE8933A4-1BE0-A7EA-512E-480982A46CFE}.Release|Any CPU.Build.0 = Release|Any CPU
	EndGlobalSection
	GlobalSection(SolutionProperties) = preSolution
		HideSolutionNode = FALSE
	EndGlobalSection
	GlobalSection(MonoDevelopProperties) = preSolution
		StartupItem = Assembly-CSharp.csproj
	EndGlobalSection
EndGlobal
