Microsoft Visual Studio Solution File, Format Version 11.00
# Visual Studio 2008

Project("{9619F44E-56FE-4CCE-8053-32760BE95835}") = "Nano Ninja Run v2.0", "Assembly-CSharp.csproj", "{4E38475A-5CC1-7C34-789C-934E871D5165}"
EndProject
Project("{9619F44E-56FE-4CCE-8053-32760BE95835}") = "Nano Ninja Run v2.0", "Assembly-CSharp-Editor.csproj", "{966EAD3F-18D8-B8E3-6DE3-1EA8CC6F339D}"
EndProject
Project("{9619F44E-56FE-4CCE-8053-32760BE95835}") = "Nano Ninja Run v2.0", "Assembly-UnityScript.unityproj", "{B7092A9E-C9F5-C13C-084B-AE25FEB225EA}"
EndProject
Global
	GlobalSection(SolutionConfigurationPlatforms) = preSolution
		Debug|Any CPU = Debug|Any CPU
		Release|Any CPU = Release|Any CPU
	EndGlobalSection
	GlobalSection(ProjectConfigurationPlatforms) = postSolution
		{4E38475A-5CC1-7C34-789C-934E871D5165}.Debug|Any CPU.ActiveCfg = Debug|Any CPU
		{4E38475A-5CC1-7C34-789C-934E871D5165}.Debug|Any CPU.Build.0 = Debug|Any CPU
		{4E38475A-5CC1-7C34-789C-934E871D5165}.Release|Any CPU.ActiveCfg = Release|Any CPU
		{4E38475A-5CC1-7C34-789C-934E871D5165}.Release|Any CPU.Build.0 = Release|Any CPU
		{966EAD3F-18D8-B8E3-6DE3-1EA8CC6F339D}.Debug|Any CPU.ActiveCfg = Debug|Any CPU
		{966EAD3F-18D8-B8E3-6DE3-1EA8CC6F339D}.Debug|Any CPU.Build.0 = Debug|Any CPU
		{966EAD3F-18D8-B8E3-6DE3-1EA8CC6F339D}.Release|Any CPU.ActiveCfg = Release|Any CPU
		{966EAD3F-18D8-B8E3-6DE3-1EA8CC6F339D}.Release|Any CPU.Build.0 = Release|Any CPU
		{B7092A9E-C9F5-C13C-084B-AE25FEB225EA}.Debug|Any CPU.ActiveCfg = Debug|Any CPU
		{B7092A9E-C9F5-C13C-084B-AE25FEB225EA}.Debug|Any CPU.Build.0 = Debug|Any CPU
		{B7092A9E-C9F5-C13C-084B-AE25FEB225EA}.Release|Any CPU.ActiveCfg = Release|Any CPU
		{B7092A9E-C9F5-C13C-084B-AE25FEB225EA}.Release|Any CPU.Build.0 = Release|Any CPU
	EndGlobalSection
	GlobalSection(SolutionProperties) = preSolution
		HideSolutionNode = FALSE
	EndGlobalSection
	GlobalSection(MonoDevelopProperties) = preSolution
		StartupItem = Assembly-CSharp.csproj
	EndGlobalSection
EndGlobal
