Microsoft Visual Studio Solution File, Format Version 11.00
# Visual Studio 2008

Project("{741F8C76-6A47-6E9E-9C70-0C1F86626875}") = "Kii AngryBots", "Assembly-CSharp-firstpass.csproj", "{7568A8A6-D376-80E3-EDF4-B0A4DE42CC13}"
EndProject
Project("{741F8C76-6A47-6E9E-9C70-0C1F86626875}") = "Kii AngryBots", "Assembly-CSharp.csproj", "{742672D2-DCD6-3346-B0C4-C98BEAFC1682}"
EndProject
Project("{741F8C76-6A47-6E9E-9C70-0C1F86626875}") = "Kii AngryBots", "Assembly-CSharp-Editor.csproj", "{C95428BE-AC84-5053-BC1B-EA518B869320}"
EndProject
Project("{741F8C76-6A47-6E9E-9C70-0C1F86626875}") = "Kii AngryBots", "Assembly-UnityScript.unityproj", "{AABEC42C-3649-0563-B506-44F32AA6ED52}"
EndProject
Project("{741F8C76-6A47-6E9E-9C70-0C1F86626875}") = "Kii AngryBots", "Assembly-UnityScript-Editor.unityproj", "{65F4D935-4233-6FA3-DF15-018A1158149C}"
EndProject
Global
	GlobalSection(SolutionConfigurationPlatforms) = preSolution
		Debug|Any CPU = Debug|Any CPU
		Release|Any CPU = Release|Any CPU
	EndGlobalSection
	GlobalSection(ProjectConfigurationPlatforms) = postSolution
		{7568A8A6-D376-80E3-EDF4-B0A4DE42CC13}.Debug|Any CPU.ActiveCfg = Debug|Any CPU
		{7568A8A6-D376-80E3-EDF4-B0A4DE42CC13}.Debug|Any CPU.Build.0 = Debug|Any CPU
		{7568A8A6-D376-80E3-EDF4-B0A4DE42CC13}.Release|Any CPU.ActiveCfg = Release|Any CPU
		{7568A8A6-D376-80E3-EDF4-B0A4DE42CC13}.Release|Any CPU.Build.0 = Release|Any CPU
		{742672D2-DCD6-3346-B0C4-C98BEAFC1682}.Debug|Any CPU.ActiveCfg = Debug|Any CPU
		{742672D2-DCD6-3346-B0C4-C98BEAFC1682}.Debug|Any CPU.Build.0 = Debug|Any CPU
		{742672D2-DCD6-3346-B0C4-C98BEAFC1682}.Release|Any CPU.ActiveCfg = Release|Any CPU
		{742672D2-DCD6-3346-B0C4-C98BEAFC1682}.Release|Any CPU.Build.0 = Release|Any CPU
		{C95428BE-AC84-5053-BC1B-EA518B869320}.Debug|Any CPU.ActiveCfg = Debug|Any CPU
		{C95428BE-AC84-5053-BC1B-EA518B869320}.Debug|Any CPU.Build.0 = Debug|Any CPU
		{C95428BE-AC84-5053-BC1B-EA518B869320}.Release|Any CPU.ActiveCfg = Release|Any CPU
		{C95428BE-AC84-5053-BC1B-EA518B869320}.Release|Any CPU.Build.0 = Release|Any CPU
		{AABEC42C-3649-0563-B506-44F32AA6ED52}.Debug|Any CPU.ActiveCfg = Debug|Any CPU
		{AABEC42C-3649-0563-B506-44F32AA6ED52}.Debug|Any CPU.Build.0 = Debug|Any CPU
		{AABEC42C-3649-0563-B506-44F32AA6ED52}.Release|Any CPU.ActiveCfg = Release|Any CPU
		{AABEC42C-3649-0563-B506-44F32AA6ED52}.Release|Any CPU.Build.0 = Release|Any CPU
		{65F4D935-4233-6FA3-DF15-018A1158149C}.Debug|Any CPU.ActiveCfg = Debug|Any CPU
		{65F4D935-4233-6FA3-DF15-018A1158149C}.Debug|Any CPU.Build.0 = Debug|Any CPU
		{65F4D935-4233-6FA3-DF15-018A1158149C}.Release|Any CPU.ActiveCfg = Release|Any CPU
		{65F4D935-4233-6FA3-DF15-018A1158149C}.Release|Any CPU.Build.0 = Release|Any CPU
	EndGlobalSection
	GlobalSection(SolutionProperties) = preSolution
		HideSolutionNode = FALSE
	EndGlobalSection
	GlobalSection(MonoDevelopProperties) = preSolution
		StartupItem = Assembly-CSharp.csproj
		Policies = $0
		$0.TextStylePolicy = $1
		$1.inheritsSet = null
		$1.scope = text/x-csharp
		$0.CSharpFormattingPolicy = $2
		$2.inheritsSet = Mono
		$2.inheritsScope = text/x-csharp
		$2.scope = text/x-csharp
		$0.TextStylePolicy = $3
		$3.FileWidth = 120
		$3.TabWidth = 4
		$3.IndentWidth = 4
		$3.EolMarker = Unix
		$3.inheritsSet = Mono
		$3.inheritsScope = text/plain
		$3.scope = text/plain
	EndGlobalSection
EndGlobal
